
Microsoft Visual Studio Solution File, Format Version 12.00
# Visual Studio Version 16
VisualStudioVersion = 16.0.29519.87
MinimumVisualStudioVersion = 10.0.40219.1
Project("{FAE04EC0-301F-11D3-BF4B-00C04F79EFBC}") = "Arrays", "Arrays\Arrays.csproj", "{30828B71-0B78-49DB-B5E5-45CAB1E36C65}"
EndProject
Global
	GlobalSection(SolutionConfigurationPlatforms) = preSolution
		Debug|Any CPU = Debug|Any CPU
		Release|Any CPU = Release|Any CPU
	EndGlobalSection
	GlobalSection(ProjectConfigurationPlatforms) = postSolution
		{30828B71-0B78-49DB-B5E5-45CAB1E36C65}.Debug|Any CPU.ActiveCfg = Debug|Any CPU
		{30828B71-0B78-49DB-B5E5-45CAB1E36C65}.Debug|Any CPU.Build.0 = Debug|Any CPU
		{30828B71-0B78-49DB-B5E5-45CAB1E36C65}.Release|Any CPU.ActiveCfg = Release|Any CPU
		{30828B71-0B78-49DB-B5E5-45CAB1E36C65}.Release|Any CPU.Build.0 = Release|Any CPU
	EndGlobalSection
	GlobalSection(SolutionProperties) = preSolution
		HideSolutionNode = FALSE
	EndGlobalSection
	GlobalSection(ExtensibilityGlobals) = postSolution
		SolutionGuid = {74243443-F8FD-44FC-A732-A72D81F81A69}
	EndGlobalSection
EndGlobal
