
Microsoft Visual Studio Solution File, Format Version 12.00
# Visual Studio Version 16
VisualStudioVersion = 16.0.29519.87
MinimumVisualStudioVersion = 10.0.40219.1
Project("{FAE04EC0-301F-11D3-BF4B-00C04F79EFBC}") = "prime", "prime\prime.csproj", "{123DC5C0-D4DD-410D-A3B0-E86D28E3515E}"
EndProject
Global
	GlobalSection(SolutionConfigurationPlatforms) = preSolution
		Debug|Any CPU = Debug|Any CPU
		Release|Any CPU = Release|Any CPU
	EndGlobalSection
	GlobalSection(ProjectConfigurationPlatforms) = postSolution
		{123DC5C0-D4DD-410D-A3B0-E86D28E3515E}.Debug|Any CPU.ActiveCfg = Debug|Any CPU
		{123DC5C0-D4DD-410D-A3B0-E86D28E3515E}.Debug|Any CPU.Build.0 = Debug|Any CPU
		{123DC5C0-D4DD-410D-A3B0-E86D28E3515E}.Release|Any CPU.ActiveCfg = Release|Any CPU
		{123DC5C0-D4DD-410D-A3B0-E86D28E3515E}.Release|Any CPU.Build.0 = Release|Any CPU
	EndGlobalSection
	GlobalSection(SolutionProperties) = preSolution
		HideSolutionNode = FALSE
	EndGlobalSection
	GlobalSection(ExtensibilityGlobals) = postSolution
		SolutionGuid = {5A5ABE1B-9DCB-48C8-A714-3909F459FD66}
	EndGlobalSection
EndGlobal
