
Microsoft Visual Studio Solution File, Format Version 12.00
# Visual Studio Version 16
VisualStudioVersion = 16.0.29728.190
MinimumVisualStudioVersion = 10.0.40219.1
Project("{FAE04EC0-301F-11D3-BF4B-00C04F79EFBC}") = "File", "File\File.csproj", "{4E21FC74-1EE6-4148-BD95-49EA7C9FC026}"
EndProject
Global
	GlobalSection(SolutionConfigurationPlatforms) = preSolution
		Debug|Any CPU = Debug|Any CPU
		Release|Any CPU = Release|Any CPU
	EndGlobalSection
	GlobalSection(ProjectConfigurationPlatforms) = postSolution
		{4E21FC74-1EE6-4148-BD95-49EA7C9FC026}.Debug|Any CPU.ActiveCfg = Debug|Any CPU
		{4E21FC74-1EE6-4148-BD95-49EA7C9FC026}.Debug|Any CPU.Build.0 = Debug|Any CPU
		{4E21FC74-1EE6-4148-BD95-49EA7C9FC026}.Release|Any CPU.ActiveCfg = Release|Any CPU
		{4E21FC74-1EE6-4148-BD95-49EA7C9FC026}.Release|Any CPU.Build.0 = Release|Any CPU
	EndGlobalSection
	GlobalSection(SolutionProperties) = preSolution
		HideSolutionNode = FALSE
	EndGlobalSection
	GlobalSection(ExtensibilityGlobals) = postSolution
		SolutionGuid = {1C626033-438E-4A06-9310-EE39153F60D1}
	EndGlobalSection
EndGlobal
