
Microsoft Visual Studio Solution File, Format Version 12.00
# Visual Studio Version 16
VisualStudioVersion = 16.0.29519.87
MinimumVisualStudioVersion = 10.0.40219.1
Project("{FAE04EC0-301F-11D3-BF4B-00C04F79EFBC}") = "Collection_dictionary", "Collection_dictionary\Collection_dictionary.csproj", "{F75EA977-EAEC-4EC9-B32A-737ED44DB3EE}"
EndProject
Global
	GlobalSection(SolutionConfigurationPlatforms) = preSolution
		Debug|Any CPU = Debug|Any CPU
		Release|Any CPU = Release|Any CPU
	EndGlobalSection
	GlobalSection(ProjectConfigurationPlatforms) = postSolution
		{F75EA977-EAEC-4EC9-B32A-737ED44DB3EE}.Debug|Any CPU.ActiveCfg = Debug|Any CPU
		{F75EA977-EAEC-4EC9-B32A-737ED44DB3EE}.Debug|Any CPU.Build.0 = Debug|Any CPU
		{F75EA977-EAEC-4EC9-B32A-737ED44DB3EE}.Release|Any CPU.ActiveCfg = Release|Any CPU
		{F75EA977-EAEC-4EC9-B32A-737ED44DB3EE}.Release|Any CPU.Build.0 = Release|Any CPU
	EndGlobalSection
	GlobalSection(SolutionProperties) = preSolution
		HideSolutionNode = FALSE
	EndGlobalSection
	GlobalSection(ExtensibilityGlobals) = postSolution
		SolutionGuid = {15AEB9BB-205F-46A8-A64F-829C71636AE3}
	EndGlobalSection
EndGlobal
