
Microsoft Visual Studio Solution File, Format Version 12.00
# Visual Studio Version 16
VisualStudioVersion = 16.0.29519.87
MinimumVisualStudioVersion = 10.0.40219.1
Project("{FAE04EC0-301F-11D3-BF4B-00C04F79EFBC}") = "Collection_Hashset", "Collection_Hashset\Collection_Hashset.csproj", "{CBFE88D4-3537-4F5E-B164-12BD729F4CCE}"
EndProject
Global
	GlobalSection(SolutionConfigurationPlatforms) = preSolution
		Debug|Any CPU = Debug|Any CPU
		Release|Any CPU = Release|Any CPU
	EndGlobalSection
	GlobalSection(ProjectConfigurationPlatforms) = postSolution
		{CBFE88D4-3537-4F5E-B164-12BD729F4CCE}.Debug|Any CPU.ActiveCfg = Debug|Any CPU
		{CBFE88D4-3537-4F5E-B164-12BD729F4CCE}.Debug|Any CPU.Build.0 = Debug|Any CPU
		{CBFE88D4-3537-4F5E-B164-12BD729F4CCE}.Release|Any CPU.ActiveCfg = Release|Any CPU
		{CBFE88D4-3537-4F5E-B164-12BD729F4CCE}.Release|Any CPU.Build.0 = Release|Any CPU
	EndGlobalSection
	GlobalSection(SolutionProperties) = preSolution
		HideSolutionNode = FALSE
	EndGlobalSection
	GlobalSection(ExtensibilityGlobals) = postSolution
		SolutionGuid = {B44DB243-FDDF-4BF6-8E35-DAE12E76475F}
	EndGlobalSection
EndGlobal
