
Microsoft Visual Studio Solution File, Format Version 12.00
# Visual Studio Version 16
VisualStudioVersion = 16.0.29519.87
MinimumVisualStudioVersion = 10.0.40219.1
Project("{FAE04EC0-301F-11D3-BF4B-00C04F79EFBC}") = "Collection_SD", "Collection_SD\Collection_SD.csproj", "{7F5D63E4-156B-46CB-88BA-A80012AE09AD}"
EndProject
Global
	GlobalSection(SolutionConfigurationPlatforms) = preSolution
		Debug|Any CPU = Debug|Any CPU
		Release|Any CPU = Release|Any CPU
	EndGlobalSection
	GlobalSection(ProjectConfigurationPlatforms) = postSolution
		{7F5D63E4-156B-46CB-88BA-A80012AE09AD}.Debug|Any CPU.ActiveCfg = Debug|Any CPU
		{7F5D63E4-156B-46CB-88BA-A80012AE09AD}.Debug|Any CPU.Build.0 = Debug|Any CPU
		{7F5D63E4-156B-46CB-88BA-A80012AE09AD}.Release|Any CPU.ActiveCfg = Release|Any CPU
		{7F5D63E4-156B-46CB-88BA-A80012AE09AD}.Release|Any CPU.Build.0 = Release|Any CPU
	EndGlobalSection
	GlobalSection(SolutionProperties) = preSolution
		HideSolutionNode = FALSE
	EndGlobalSection
	GlobalSection(ExtensibilityGlobals) = postSolution
		SolutionGuid = {63608C4E-EEF6-4D81-B2E6-8D484CC5B6ED}
	EndGlobalSection
EndGlobal
